
Microsoft Visual Studio Solution File, Format Version 12.00
# Visual Studio 15
VisualStudioVersion = 15.0.27130.2027
MinimumVisualStudioVersion = 10.0.40219.1
Project("{FAE04EC0-301F-11D3-BF4B-00C04F79EFBC}") = "TAAPs", "TAAPs.csproj", "{EC81EFC1-6376-4754-B127-572510210979}"
EndProject
Project("{FAE04EC0-301F-11D3-BF4B-00C04F79EFBC}") = "NotificationService", "..\NotificationService\NotificationService.csproj", "{9FCC4AFE-23E1-47F7-A1E4-B8EFAAA4C3AB}"
EndProject
Project("{54435603-DBB4-11D2-8724-00A0C9A8B90C}") = "NotificationSetup", "..\NotificationSetup\NotificationSetup.vdproj", "{80CE0298-0019-4771-890D-171EFCF30FC7}"
EndProject
Global
	GlobalSection(Performance) = preSolution
		HasPerformanceSessions = true
	EndGlobalSection
	GlobalSection(SolutionConfigurationPlatforms) = preSolution
		Debug|Any CPU = Debug|Any CPU
		Debug|x86 = Debug|x86
		Release|Any CPU = Release|Any CPU
		Release|x86 = Release|x86
	EndGlobalSection
	GlobalSection(ProjectConfigurationPlatforms) = postSolution
		{EC81EFC1-6376-4754-B127-572510210979}.Debug|Any CPU.ActiveCfg = Debug|Any CPU
		{EC81EFC1-6376-4754-B127-572510210979}.Debug|Any CPU.Build.0 = Debug|Any CPU
		{EC81EFC1-6376-4754-B127-572510210979}.Debug|x86.ActiveCfg = Debug|Any CPU
		{EC81EFC1-6376-4754-B127-572510210979}.Debug|x86.Build.0 = Debug|Any CPU
		{EC81EFC1-6376-4754-B127-572510210979}.Release|Any CPU.ActiveCfg = Release|Any CPU
		{EC81EFC1-6376-4754-B127-572510210979}.Release|x86.ActiveCfg = Release|Any CPU
		{EC81EFC1-6376-4754-B127-572510210979}.Release|x86.Build.0 = Release|Any CPU
		{9FCC4AFE-23E1-47F7-A1E4-B8EFAAA4C3AB}.Debug|Any CPU.ActiveCfg = Debug|x86
		{9FCC4AFE-23E1-47F7-A1E4-B8EFAAA4C3AB}.Debug|x86.ActiveCfg = Debug|x86
		{9FCC4AFE-23E1-47F7-A1E4-B8EFAAA4C3AB}.Debug|x86.Build.0 = Debug|x86
		{9FCC4AFE-23E1-47F7-A1E4-B8EFAAA4C3AB}.Release|Any CPU.ActiveCfg = Release|x86
		{9FCC4AFE-23E1-47F7-A1E4-B8EFAAA4C3AB}.Release|Any CPU.Build.0 = Release|x86
		{9FCC4AFE-23E1-47F7-A1E4-B8EFAAA4C3AB}.Release|x86.ActiveCfg = Release|x86
		{9FCC4AFE-23E1-47F7-A1E4-B8EFAAA4C3AB}.Release|x86.Build.0 = Release|x86
		{80CE0298-0019-4771-890D-171EFCF30FC7}.Debug|Any CPU.ActiveCfg = Debug
		{80CE0298-0019-4771-890D-171EFCF30FC7}.Debug|x86.ActiveCfg = Debug
		{80CE0298-0019-4771-890D-171EFCF30FC7}.Release|Any CPU.ActiveCfg = Release
		{80CE0298-0019-4771-890D-171EFCF30FC7}.Release|Any CPU.Build.0 = Release
		{80CE0298-0019-4771-890D-171EFCF30FC7}.Release|x86.ActiveCfg = Release
	EndGlobalSection
	GlobalSection(SolutionProperties) = preSolution
		HideSolutionNode = FALSE
	EndGlobalSection
	GlobalSection(ExtensibilityGlobals) = postSolution
		SolutionGuid = {45FDF418-07DF-4DE6-900C-A8ADE0365A68}
	EndGlobalSection
	GlobalSection(Performance) = preSolution
		HasPerformanceSessions = true
	EndGlobalSection
EndGlobal
